PODS:
  - MultiplatformBleAdapter (0.1.8)

DEPENDENCIES:
  - MultiplatformBleAdapter (~> 0.1.8)

SPEC REPOS:
  trunk:
    - MultiplatformBleAdapter

SPEC CHECKSUMS:
  MultiplatformBleAdapter: bdfdd698ea5d816f0f389eda13d5b07a1bc74b59

PODFILE CHECKSUM: a432e9e98501b1434dcfb7ac46a13e8db70ce759

COCOAPODS: 1.11.2
